github.com/GeertJohan/go.rice v0.0.0-20160811093408-9fdfd46f9806 h1:3Bj1wM25VYlqm3UViRFN3Cwkpk5dmolhLxyLr7O8Edw=
github.com/GeertJohan/go.rice v0.0.0-20160811093408-9fdfd46f9806/go.mod h1:DgrzXonpdQbfN3uYaGz1EG4Sbhyum/MMIn6Cphlh2bw=
github.com/daaku/go.zipexe v0.0.0-20150329023125-a5fe2436ffcb h1:tUf55Po0vzOendQ7NWytcdK0VuzQmfAgvGBUOQvN0WA=
github.com/daaku/go.zipexe v0.0.0-20150329023125-a5fe2436ffcb/go.mod h1:U0vRfAucUOohvdCxt5MWLF+TePIL0xbCkbKIiV8TQCE=
github.com/gorilla/securecookie v0.0.0-20161003051601-fa5329f91370 h1:L61M97EuplKMDbzSOprplYNMAupmFn0i6gki9NjeltQ=
github.com/gorilla/securecookie v0.0.0-20161003051601-fa5329f91370/go.mod h1:ra0sb63/xPlUeL+yeDciTfxMRAA+MP+HVt/4epWDjd4=
github.com/kardianos/osext v0.0.0-20160811001526-c2c54e542fb7 h1:pKv4oHt3kat9yf1jofmaRv3KxGaY5B7VV55GrfXFa74=
github.com/kardianos/osext v0.0.0-20160811001526-c2c54e542fb7/go.mod h1:1NbS8ALrpOvjt0rHPNLyCIeMtbizbir8U//inJ+zuB8=
github.com/kr/pretty v0.2.1 h1:Fmg33tUaq4/8ym9TJN1x7sLJnHVwhP33CNkpYV/7rwI=
github.com/kr/pretty v0.2.1/go.mod h1:ipq/a2n7PKx3OHsz4KJII5eveXtPO4qwEXGdVfWzfnI=
github.com/kr/pty v1.1.1/go.mod h1:pFQYn66WHrOpPYNljwOMqo10TkYh1fy3cYio2l3bCsQ=
github.com/kr/text v0.1.0 h1:45sCR5RtlFHMR4UwH9sdQ5TC8v0qDQCHnXt+kaKSTVE=
github.com/kr/text v0.1.0/go.mod h1:4Jbv+DJW3UT/LiOwJeYQe1efqtUx/iVham/4vfdArNI=
github.com/pressly/chi v2.0.1-0.20170108000035-73deb7ecc230+incompatible h1:QBFFhgdczcjgLA0r6IGpaFUfq5E0iiKzdSEpA6qMTio=
github.com/pressly/chi v2.0.1-0.20170108000035-73deb7ecc230+incompatible/go.mod h1:s/kslmeFE633XtTPvfX2olbs4ymzIHxGGXmEJ/AvPT8=
gopkg.in/check.v1 v1.0.0-20201130134442-10cb98267c6c h1:Hei/4ADfdWqJk1ZMxUNpqntNwaWcugrBjAiHlqqRiVk=
gopkg.in/check.v1 v1.0.0-20201130134442-10cb98267c6c/go.mod h1:JHkPIbrfpd72SG/EVd6muEfDQjcINNoR0C8j2r3qZ4Q=
gopkg.in/yaml.v2 v2.0.0-20170208141851-a3f3340b5840 h1:BftvRMCaj0KX6UeD7gnNJv0W8b4HAYTEWes978CoWlY=
gopkg.in/yaml.v2 v2.0.0-20170208141851-a3f3340b5840/go.mod h1:JAlM8MvJe8wmxCU4Bli9HhUf9+ttbYbLASfIpnQbh74=
